
Microsoft Visual Studio Solution File, Format Version 12.00
# Visual Studio Version 17
VisualStudioVersion = 17.3.32901.215
MinimumVisualStudioVersion = 10.0.40219.1
Project("{FAE04EC0-301F-11D3-BF4B-00C04F79EFBC}") = "01_Singleton", "01_Singleton\01_Singleton.csproj", "{49AD263C-C51E-43E2-9DE5-5AD0E9414C26}"
EndProject
Project("{FAE04EC0-301F-11D3-BF4B-00C04F79EFBC}") = "01_SingletonOrnek", "01_SingletonOrnek\01_SingletonOrnek.csproj", "{6CF9E32F-5E16-47E1-808E-5575CDC7394E}"
EndProject
Project("{FAE04EC0-301F-11D3-BF4B-00C04F79EFBC}") = "02_AbstractFactory", "02_AbstractFactory\02_AbstractFactory.csproj", "{4076A224-7AFD-40CF-B203-E40AF17C14F2}"
EndProject
Project("{FAE04EC0-301F-11D3-BF4B-00C04F79EFBC}") = "03_Prototype", "03_Prototype\03_Prototype.csproj", "{50D2B5C4-B254-4095-BDCD-5627F63FB8B7}"
EndProject
Project("{FAE04EC0-301F-11D3-BF4B-00C04F79EFBC}") = "04_Builder", "04_Builder\04_Builder.csproj", "{C9F6879F-5822-433C-9564-C87E863FC630}"
EndProject
Project("{FAE04EC0-301F-11D3-BF4B-00C04F79EFBC}") = "05_Facade", "05_Facade\05_Facade.csproj", "{B56505FD-F967-484A-9269-5334D6E21268}"
EndProject
Project("{FAE04EC0-301F-11D3-BF4B-00C04F79EFBC}") = "06_Adapter", "06_Adapter\06_Adapter.csproj", "{8AE82FEE-667E-4EC6-A065-2DD4E32E0637}"
EndProject
Project("{FAE04EC0-301F-11D3-BF4B-00C04F79EFBC}") = "07_Composite", "07_Composite\07_Composite.csproj", "{77B84ADD-6287-4D6C-9E0B-CA93D453D403}"
EndProject
Project("{FAE04EC0-301F-11D3-BF4B-00C04F79EFBC}") = "08_Proxy", "08_Proxy\08_Proxy.csproj", "{3CE04472-C806-4032-BBF7-D74B1DAB7E25}"
EndProject
Project("{FAE04EC0-301F-11D3-BF4B-00C04F79EFBC}") = "09_Decorator", "09_Decorator\09_Decorator.csproj", "{06DC82F1-3C47-474D-9124-CBC0E718A701}"
EndProject
Project("{FAE04EC0-301F-11D3-BF4B-00C04F79EFBC}") = "10_Bridge", "10_Bridge\10_Bridge.csproj", "{EFEC945E-6D49-47C5-87E8-E170E9334AFC}"
EndProject
Project("{FAE04EC0-301F-11D3-BF4B-00C04F79EFBC}") = "11_Strategy", "11_Strategy\11_Strategy.csproj", "{46AAEF3D-1FEB-4C0E-9A87-4D235C3ECA63}"
EndProject
Project("{FAE04EC0-301F-11D3-BF4B-00C04F79EFBC}") = "12_Observer", "12_Observer\12_Observer.csproj", "{2A1F29F2-28E6-4BFC-8F90-1A8473C644A2}"
EndProject
Global
	GlobalSection(SolutionConfigurationPlatforms) = preSolution
		Debug|Any CPU = Debug|Any CPU
		Release|Any CPU = Release|Any CPU
	EndGlobalSection
	GlobalSection(ProjectConfigurationPlatforms) = postSolution
		{49AD263C-C51E-43E2-9DE5-5AD0E9414C26}.Debug|Any CPU.ActiveCfg = Debug|Any CPU
		{49AD263C-C51E-43E2-9DE5-5AD0E9414C26}.Debug|Any CPU.Build.0 = Debug|Any CPU
		{49AD263C-C51E-43E2-9DE5-5AD0E9414C26}.Release|Any CPU.ActiveCfg = Release|Any CPU
		{49AD263C-C51E-43E2-9DE5-5AD0E9414C26}.Release|Any CPU.Build.0 = Release|Any CPU
		{6CF9E32F-5E16-47E1-808E-5575CDC7394E}.Debug|Any CPU.ActiveCfg = Debug|Any CPU
		{6CF9E32F-5E16-47E1-808E-5575CDC7394E}.Debug|Any CPU.Build.0 = Debug|Any CPU
		{6CF9E32F-5E16-47E1-808E-5575CDC7394E}.Release|Any CPU.ActiveCfg = Release|Any CPU
		{6CF9E32F-5E16-47E1-808E-5575CDC7394E}.Release|Any CPU.Build.0 = Release|Any CPU
		{4076A224-7AFD-40CF-B203-E40AF17C14F2}.Debug|Any CPU.ActiveCfg = Debug|Any CPU
		{4076A224-7AFD-40CF-B203-E40AF17C14F2}.Debug|Any CPU.Build.0 = Debug|Any CPU
		{4076A224-7AFD-40CF-B203-E40AF17C14F2}.Release|Any CPU.ActiveCfg = Release|Any CPU
		{4076A224-7AFD-40CF-B203-E40AF17C14F2}.Release|Any CPU.Build.0 = Release|Any CPU
		{50D2B5C4-B254-4095-BDCD-5627F63FB8B7}.Debug|Any CPU.ActiveCfg = Debug|Any CPU
		{50D2B5C4-B254-4095-BDCD-5627F63FB8B7}.Debug|Any CPU.Build.0 = Debug|Any CPU
		{50D2B5C4-B254-4095-BDCD-5627F63FB8B7}.Release|Any CPU.ActiveCfg = Release|Any CPU
		{50D2B5C4-B254-4095-BDCD-5627F63FB8B7}.Release|Any CPU.Build.0 = Release|Any CPU
		{C9F6879F-5822-433C-9564-C87E863FC630}.Debug|Any CPU.ActiveCfg = Debug|Any CPU
		{C9F6879F-5822-433C-9564-C87E863FC630}.Debug|Any CPU.Build.0 = Debug|Any CPU
		{C9F6879F-5822-433C-9564-C87E863FC630}.Release|Any CPU.ActiveCfg = Release|Any CPU
		{C9F6879F-5822-433C-9564-C87E863FC630}.Release|Any CPU.Build.0 = Release|Any CPU
		{B56505FD-F967-484A-9269-5334D6E21268}.Debug|Any CPU.ActiveCfg = Debug|Any CPU
		{B56505FD-F967-484A-9269-5334D6E21268}.Debug|Any CPU.Build.0 = Debug|Any CPU
		{B56505FD-F967-484A-9269-5334D6E21268}.Release|Any CPU.ActiveCfg = Release|Any CPU
		{B56505FD-F967-484A-9269-5334D6E21268}.Release|Any CPU.Build.0 = Release|Any CPU
		{8AE82FEE-667E-4EC6-A065-2DD4E32E0637}.Debug|Any CPU.ActiveCfg = Debug|Any CPU
		{8AE82FEE-667E-4EC6-A065-2DD4E32E0637}.Debug|Any CPU.Build.0 = Debug|Any CPU
		{8AE82FEE-667E-4EC6-A065-2DD4E32E0637}.Release|Any CPU.ActiveCfg = Release|Any CPU
		{8AE82FEE-667E-4EC6-A065-2DD4E32E0637}.Release|Any CPU.Build.0 = Release|Any CPU
		{77B84ADD-6287-4D6C-9E0B-CA93D453D403}.Debug|Any CPU.ActiveCfg = Debug|Any CPU
		{77B84ADD-6287-4D6C-9E0B-CA93D453D403}.Debug|Any CPU.Build.0 = Debug|Any CPU
		{77B84ADD-6287-4D6C-9E0B-CA93D453D403}.Release|Any CPU.ActiveCfg = Release|Any CPU
		{77B84ADD-6287-4D6C-9E0B-CA93D453D403}.Release|Any CPU.Build.0 = Release|Any CPU
		{3CE04472-C806-4032-BBF7-D74B1DAB7E25}.Debug|Any CPU.ActiveCfg = Debug|Any CPU
		{3CE04472-C806-4032-BBF7-D74B1DAB7E25}.Debug|Any CPU.Build.0 = Debug|Any CPU
		{3CE04472-C806-4032-BBF7-D74B1DAB7E25}.Release|Any CPU.ActiveCfg = Release|Any CPU
		{3CE04472-C806-4032-BBF7-D74B1DAB7E25}.Release|Any CPU.Build.0 = Release|Any CPU
		{06DC82F1-3C47-474D-9124-CBC0E718A701}.Debug|Any CPU.ActiveCfg = Debug|Any CPU
		{06DC82F1-3C47-474D-9124-CBC0E718A701}.Debug|Any CPU.Build.0 = Debug|Any CPU
		{06DC82F1-3C47-474D-9124-CBC0E718A701}.Release|Any CPU.ActiveCfg = Release|Any CPU
		{06DC82F1-3C47-474D-9124-CBC0E718A701}.Release|Any CPU.Build.0 = Release|Any CPU
		{EFEC945E-6D49-47C5-87E8-E170E9334AFC}.Debug|Any CPU.ActiveCfg = Debug|Any CPU
		{EFEC945E-6D49-47C5-87E8-E170E9334AFC}.Debug|Any CPU.Build.0 = Debug|Any CPU
		{EFEC945E-6D49-47C5-87E8-E170E9334AFC}.Release|Any CPU.ActiveCfg = Release|Any CPU
		{EFEC945E-6D49-47C5-87E8-E170E9334AFC}.Release|Any CPU.Build.0 = Release|Any CPU
		{46AAEF3D-1FEB-4C0E-9A87-4D235C3ECA63}.Debug|Any CPU.ActiveCfg = Debug|Any CPU
		{46AAEF3D-1FEB-4C0E-9A87-4D235C3ECA63}.Debug|Any CPU.Build.0 = Debug|Any CPU
		{46AAEF3D-1FEB-4C0E-9A87-4D235C3ECA63}.Release|Any CPU.ActiveCfg = Release|Any CPU
		{46AAEF3D-1FEB-4C0E-9A87-4D235C3ECA63}.Release|Any CPU.Build.0 = Release|Any CPU
		{2A1F29F2-28E6-4BFC-8F90-1A8473C644A2}.Debug|Any CPU.ActiveCfg = Debug|Any CPU
		{2A1F29F2-28E6-4BFC-8F90-1A8473C644A2}.Debug|Any CPU.Build.0 = Debug|Any CPU
		{2A1F29F2-28E6-4BFC-8F90-1A8473C644A2}.Release|Any CPU.ActiveCfg = Release|Any CPU
		{2A1F29F2-28E6-4BFC-8F90-1A8473C644A2}.Release|Any CPU.Build.0 = Release|Any CPU
	EndGlobalSection
	GlobalSection(SolutionProperties) = preSolution
		HideSolutionNode = FALSE
	EndGlobalSection
	GlobalSection(ExtensibilityGlobals) = postSolution
		SolutionGuid = {49BF2114-1B43-455F-94A3-042ABA68B658}
	EndGlobalSection
EndGlobal
